
Microsoft Visual Studio Solution File, Format Version 12.00
# Visual Studio 14
VisualStudioVersion = 14.0.25420.1
MinimumVisualStudioVersion = 10.0.40219.1
Project("{FAE04EC0-301F-11D3-BF4B-00C04F79EFBC}") = "Exercise6c", "Exercise6c\Exercise6c.csproj", "{A980622F-40CB-4A69-836D-0B66249A630C}"
EndProject
Global
	GlobalSection(SolutionConfigurationPlatforms) = preSolution
		Debug|Any CPU = Debug|Any CPU
		Release|Any CPU = Release|Any CPU
	EndGlobalSection
	GlobalSection(ProjectConfigurationPlatforms) = postSolution
		{A980622F-40CB-4A69-836D-0B66249A630C}.Debug|Any CPU.ActiveCfg = Debug|Any CPU
		{A980622F-40CB-4A69-836D-0B66249A630C}.Debug|Any CPU.Build.0 = Debug|Any CPU
		{A980622F-40CB-4A69-836D-0B66249A630C}.Release|Any CPU.ActiveCfg = Release|Any CPU
		{A980622F-40CB-4A69-836D-0B66249A630C}.Release|Any CPU.Build.0 = Release|Any CPU
	EndGlobalSection
	GlobalSection(SolutionProperties) = preSolution
		HideSolutionNode = FALSE
	EndGlobalSection
EndGlobal
